
Microsoft Visual Studio Solution File, Format Version 12.00
# Visual Studio Version 17
VisualStudioVersion = 17.13.35818.85 d17.13
MinimumVisualStudioVersion = 10.0.40219.1
Project("{FAE04EC0-301F-11D3-BF4B-00C04F79EFBC}") = "Kleimenov_TelegramBot", "Kleimenov_TelegramBot.csproj", "{A4754A0C-E697-4DF6-BA4D-D56473CF3DFF}"
EndProject
Global
	GlobalSection(SolutionConfigurationPlatforms) = preSolution
		Debug|Any CPU = Debug|Any CPU
		Release|Any CPU = Release|Any CPU
	EndGlobalSection
	GlobalSection(ProjectConfigurationPlatforms) = postSolution
		{A4754A0C-E697-4DF6-BA4D-D56473CF3DFF}.Debug|Any CPU.ActiveCfg = Debug|Any CPU
		{A4754A0C-E697-4DF6-BA4D-D56473CF3DFF}.Debug|Any CPU.Build.0 = Debug|Any CPU
		{A4754A0C-E697-4DF6-BA4D-D56473CF3DFF}.Release|Any CPU.ActiveCfg = Release|Any CPU
		{A4754A0C-E697-4DF6-BA4D-D56473CF3DFF}.Release|Any CPU.Build.0 = Release|Any CPU
	EndGlobalSection
	GlobalSection(SolutionProperties) = preSolution
		HideSolutionNode = FALSE
	EndGlobalSection
	GlobalSection(ExtensibilityGlobals) = postSolution
		SolutionGuid = {5075365B-8CF9-4234-9DFD-7AC527176E4E}
	EndGlobalSection
EndGlobal
